# THIS IS AN AUTOGENERATED FILE. DO NOT EDIT THIS FILE DIRECTLY.
# yarn lockfile v1


"@next/env@12.3.1":
  version "12.3.1"
  resolved "https://registry.npmjs.org/@next/env/-/env-12.3.1.tgz"
  integrity sha512-9P9THmRFVKGKt9DYqeC2aKIxm8rlvkK38V1P1sRE7qyoPBIs8l9oo79QoSdPtOWfzkbDAVUqvbQGgTMsb8BtJg==

"@next/font@^13.0.6":
  version "13.0.6"
  resolved "https://registry.npmjs.org/@next/font/-/font-13.0.6.tgz"
  integrity sha512-5vxNmvnV0CbYjQGtztD5Axft9C7npKihbQpiFhnDwdb99f9K/QSFfcJqxz0E5QBkf67O2niVGJ5lApJDu78w0w==

"@next/swc-android-arm-eabi@12.3.1":
  version "12.3.1"
  resolved "https://registry.yarnpkg.com/@next/swc-android-arm-eabi/-/swc-android-arm-eabi-12.3.1.tgz#b15ce8ad376102a3b8c0f3c017dde050a22bb1a3"
  integrity sha512-i+BvKA8tB//srVPPQxIQN5lvfROcfv4OB23/L1nXznP+N/TyKL8lql3l7oo2LNhnH66zWhfoemg3Q4VJZSruzQ==

"@next/swc-android-arm64@12.3.1":
  version "12.3.1"
  resolved "https://registry.yarnpkg.com/@next/swc-android-arm64/-/swc-android-arm64-12.3.1.tgz#85d205f568a790a137cb3c3f720d961a2436ac9c"
  integrity sha512-CmgU2ZNyBP0rkugOOqLnjl3+eRpXBzB/I2sjwcGZ7/Z6RcUJXK5Evz+N0ucOxqE4cZ3gkTeXtSzRrMK2mGYV8Q==

"@next/swc-darwin-arm64@12.3.1":
  version "12.3.1"
  resolved "https://registry.yarnpkg.com/@next/swc-darwin-arm64/-/swc-darwin-arm64-12.3.1.tgz#b105457d6760a7916b27e46c97cb1a40547114ae"
  integrity sha512-hT/EBGNcu0ITiuWDYU9ur57Oa4LybD5DOQp4f22T6zLfpoBMfBibPtR8XktXmOyFHrL/6FC2p9ojdLZhWhvBHg==

"@next/swc-darwin-x64@12.3.1":
  version "12.3.1"
  resolved "https://registry.yarnpkg.com/@next/swc-darwin-x64/-/swc-darwin-x64-12.3.1.tgz#6947b39082271378896b095b6696a7791c6e32b1"
  integrity sha512-9S6EVueCVCyGf2vuiLiGEHZCJcPAxglyckTZcEwLdJwozLqN0gtS0Eq0bQlGS3dH49Py/rQYpZ3KVWZ9BUf/WA==

"@next/swc-freebsd-x64@12.3.1":
  version "12.3.1"
  resolved "https://registry.yarnpkg.com/@next/swc-freebsd-x64/-/swc-freebsd-x64-12.3.1.tgz#2b6c36a4d84aae8b0ea0e0da9bafc696ae27085a"
  integrity sha512-qcuUQkaBZWqzM0F1N4AkAh88lLzzpfE6ImOcI1P6YeyJSsBmpBIV8o70zV+Wxpc26yV9vpzb+e5gCyxNjKJg5Q==

"@next/swc-linux-arm-gnueabihf@12.3.1":
  version "12.3.1"
  resolved "https://registry.yarnpkg.com/@next/swc-linux-arm-gnueabihf/-/swc-linux-arm-gnueabihf-12.3.1.tgz#6e421c44285cfedac1f4631d5de330dd60b86298"
  integrity sha512-diL9MSYrEI5nY2wc/h/DBewEDUzr/DqBjIgHJ3RUNtETAOB3spMNHvJk2XKUDjnQuluLmFMloet9tpEqU2TT9w==

"@next/swc-linux-arm64-gnu@12.3.1":
  version "12.3.1"
  resolved "https://registry.yarnpkg.com/@next/swc-linux-arm64-gnu/-/swc-linux-arm64-gnu-12.3.1.tgz#8863f08a81f422f910af126159d2cbb9552ef717"
  integrity sha512-o/xB2nztoaC7jnXU3Q36vGgOolJpsGG8ETNjxM1VAPxRwM7FyGCPHOMk1XavG88QZSQf+1r+POBW0tLxQOJ9DQ==

"@next/swc-linux-arm64-musl@12.3.1":
  version "12.3.1"
  resolved "https://registry.yarnpkg.com/@next/swc-linux-arm64-musl/-/swc-linux-arm64-musl-12.3.1.tgz#0038f07cf0b259d70ae0c80890d826dfc775d9f3"
  integrity sha512-2WEasRxJzgAmP43glFNhADpe8zB7kJofhEAVNbDJZANp+H4+wq+/cW1CdDi8DqjkShPEA6/ejJw+xnEyDID2jg==

"@next/swc-linux-x64-gnu@12.3.1":
  version "12.3.1"
  resolved "https://registry.yarnpkg.com/@next/swc-linux-x64-gnu/-/swc-linux-x64-gnu-12.3.1.tgz#c66468f5e8181ffb096c537f0dbfb589baa6a9c1"
  integrity sha512-JWEaMyvNrXuM3dyy9Pp5cFPuSSvG82+yABqsWugjWlvfmnlnx9HOQZY23bFq3cNghy5V/t0iPb6cffzRWylgsA==

"@next/swc-linux-x64-musl@12.3.1":
  version "12.3.1"
  resolved "https://registry.yarnpkg.com/@next/swc-linux-x64-musl/-/swc-linux-x64-musl-12.3.1.tgz#c6269f3e96ac0395bc722ad97ce410ea5101d305"
  integrity sha512-xoEWQQ71waWc4BZcOjmatuvPUXKTv6MbIFzpm4LFeCHsg2iwai0ILmNXf81rJR+L1Wb9ifEke2sQpZSPNz1Iyg==

"@next/swc-win32-arm64-msvc@12.3.1":
  version "12.3.1"
  resolved "https://registry.yarnpkg.com/@next/swc-win32-arm64-msvc/-/swc-win32-arm64-msvc-12.3.1.tgz#83c639ee969cee36ce247c3abd1d9df97b5ecade"
  integrity sha512-hswVFYQYIeGHE2JYaBVtvqmBQ1CppplQbZJS/JgrVI3x2CurNhEkmds/yqvDONfwfbttTtH4+q9Dzf/WVl3Opw==

"@next/swc-win32-ia32-msvc@12.3.1":
  version "12.3.1"
  resolved "https://registry.yarnpkg.com/@next/swc-win32-ia32-msvc/-/swc-win32-ia32-msvc-12.3.1.tgz#52995748b92aa8ad053440301bc2c0d9fbcf27c2"
  integrity sha512-Kny5JBehkTbKPmqulr5i+iKntO5YMP+bVM8Hf8UAmjSMVo3wehyLVc9IZkNmcbxi+vwETnQvJaT5ynYBkJ9dWA==

"@next/swc-win32-x64-msvc@12.3.1":
  version "12.3.1"
  resolved "https://registry.npmjs.org/@next/swc-win32-x64-msvc/-/swc-win32-x64-msvc-12.3.1.tgz"
  integrity sha512-W1ijvzzg+kPEX6LAc+50EYYSEo0FVu7dmTE+t+DM4iOLqgGHoW9uYSz9wCVdkXOEEMP9xhXfGpcSxsfDucyPkA==

"@swc/helpers@0.4.11":
  version "0.4.11"
  resolved "https://registry.npmjs.org/@swc/helpers/-/helpers-0.4.11.tgz"
  integrity sha512-rEUrBSGIoSFuYxwBYtlUFMlE2CwGhmW+w9355/5oduSw8e5h2+Tj4UrAGNNgP9915++wj5vkQo0UuOBqOAq4nw==
  dependencies:
    tslib "^2.4.0"

animejs@^3.2.1:
  version "3.2.1"
  resolved "https://registry.npmjs.org/animejs/-/animejs-3.2.1.tgz"
  integrity sha512-sWno3ugFryK5nhiDm/2BKeFCpZv7vzerWUcUPyAZLDhMek3+S/p418ldZJbJXo5ZUOpfm2kP2XRO4NJcULMy9A==

asynckit@^0.4.0:
  version "0.4.0"
  resolved "https://registry.npmjs.org/asynckit/-/asynckit-0.4.0.tgz"
  integrity sha512-Oei9OH4tRh0YqU3GxhX79dM/mwVgvbZJaSNaRk+bshkj0S5cfHcgYakreBjrHwatXKbz+IoIdYLxrKim2MjW0Q==

axios@^1.2.1:
  version "1.2.1"
  resolved "https://registry.npmjs.org/axios/-/axios-1.2.1.tgz"
  integrity sha512-I88cFiGu9ryt/tfVEi4kX2SITsvDddTajXTOFmt2uK1ZVA8LytjtdeyefdQWEf5PU8w+4SSJDoYnggflB5tW4A==
  dependencies:
    follow-redirects "^1.15.0"
    form-data "^4.0.0"
    proxy-from-env "^1.1.0"

babel-runtime@^6.26.0:
  version "6.26.0"
  resolved "https://registry.npmjs.org/babel-runtime/-/babel-runtime-6.26.0.tgz"
  integrity sha512-ITKNuq2wKlW1fJg9sSW52eepoYgZBggvOAHC0u/CYu/qxQ9EVzThCgR69BnSXLHjy2f7SY5zaQ4yt7H9ZVxY2g==
  dependencies:
    core-js "^2.4.0"
    regenerator-runtime "^0.11.0"

bezier-easing@^2.1.0:
  version "2.1.0"
  resolved "https://registry.npmjs.org/bezier-easing/-/bezier-easing-2.1.0.tgz"
  integrity sha512-gbIqZ/eslnUFC1tjEvtz0sgx+xTK20wDnYMIA27VA04R7w6xxXQPZDbibjA9DTWZRA2CXtwHykkVzlCaAJAZig==

caniuse-lite@^1.0.30001406:
  version "1.0.30001436"
  resolved "https://registry.npmjs.org/caniuse-lite/-/caniuse-lite-1.0.30001436.tgz"
  integrity sha512-ZmWkKsnC2ifEPoWUvSAIGyOYwT+keAaaWPHiQ9DfMqS1t6tfuyFYoWR78TeZtznkEQ64+vGXH9cZrElwR2Mrxg==

combined-stream@^1.0.8:
  version "1.0.8"
  resolved "https://registry.npmjs.org/combined-stream/-/combined-stream-1.0.8.tgz"
  integrity sha512-FQN4MRfuJeHf7cBbBMJFXhKSDq+2kAArBlmRBvcvFE5BB1HZKXtSFASDhdlz9zOYwxh8lDdnvmMOe/+5cdoEdg==
  dependencies:
    delayed-stream "~1.0.0"

core-js@^2.4.0:
  version "2.6.12"
  resolved "https://registry.npmjs.org/core-js/-/core-js-2.6.12.tgz"
  integrity sha512-Kb2wC0fvsWfQrgk8HU5lW6U/Lcs8+9aaYcy4ZFc6DDlo4nZ7n70dEgE5rtR0oG6ufKDUnrwfWL1mXR5ljDatrQ==

core-js@^3.6.4:
  version "3.26.1"
  resolved "https://registry.npmjs.org/core-js/-/core-js-3.26.1.tgz"
  integrity sha512-21491RRQVzUn0GGM9Z1Jrpr6PNPxPi+Za8OM9q4tksTSnlbXXGKK1nXNg/QvwFYettXvSX6zWKCtHHfjN4puyA==

delayed-stream@~1.0.0:
  version "1.0.0"
  resolved "https://registry.npmjs.org/delayed-stream/-/delayed-stream-1.0.0.tgz"
  integrity sha512-ZySD7Nf91aLB0RxL4KGrKHBXl7Eds1DAmEdcoVawXnLD7SDhpNgtuII2aAkg7a7QS41jxPSZ17p4VdGnMHk3MQ==

follow-redirects@^1.15.0:
  version "1.15.2"
  resolved "https://registry.npmjs.org/follow-redirects/-/follow-redirects-1.15.2.tgz"
  integrity sha512-VQLG33o04KaQ8uYi2tVNbdrWp1QWxNNea+nmIB4EVM28v0hmP17z7aG1+wAkNzVq4KeXTq3221ye5qTJP91JwA==

form-data@^4.0.0:
  version "4.0.0"
  resolved "https://registry.npmjs.org/form-data/-/form-data-4.0.0.tgz"
  integrity sha512-ETEklSGi5t0QMZuiXoA/Q6vcnxcLQP5vdugSpuAyi6SVGi2clPPp+xgEhuMaHC+zGgn31Kd235W35f7Hykkaww==
  dependencies:
    asynckit "^0.4.0"
    combined-stream "^1.0.8"
    mime-types "^2.1.12"

gsap@^3.11.3:
  version "3.11.3"
  resolved "https://registry.npmjs.org/gsap/-/gsap-3.11.3.tgz"
  integrity sha512-xc/iIJy+LWiMbRa4IdMtdnnKa/7PXEK6NNzV71gdOYUVeTZN7UWnLU0fB7Hi1iwiz4ZZoYkBZPPYGg+2+zzFHA==

"js-tokens@^3.0.0 || ^4.0.0":
  version "4.0.0"
  resolved "https://registry.npmjs.org/js-tokens/-/js-tokens-4.0.0.tgz"
  integrity sha512-RdJUflcE3cUzKiMqQgsCu06FPu9UdIJO0beYbPhHN4k6apgJtifcoCtT9bcxOpYBtpD2kCM6Sbzg4CausW/PKQ==

lodash.clamp@^4.0.3:
  version "4.0.3"
  resolved "https://registry.npmjs.org/lodash.clamp/-/lodash.clamp-4.0.3.tgz"
  integrity sha512-HvzRFWjtcguTW7yd8NJBshuNaCa8aqNFtnswdT7f/cMd/1YKy5Zzoq4W/Oxvnx9l7aeY258uSdDfM793+eLsVg==

lodash.debounce@^4.0.8:
  version "4.0.8"
  resolved "https://registry.npmjs.org/lodash.debounce/-/lodash.debounce-4.0.8.tgz"
  integrity sha512-FT1yDzDYEoYWhnSGnpE/4Kj1fLZkDFyqRb7fNt6FdYOSxlUWAtp42Eh6Wb0rGIv/m9Bgo7x4GhQbm5Ys4SG5ow==

loose-envify@^1.1.0:
  version "1.4.0"
  resolved "https://registry.npmjs.org/loose-envify/-/loose-envify-1.4.0.tgz"
  integrity sha512-lyuxPGr/Wfhrlem2CL/UcnUc1zcqKAImBDzukY7Y5F/yQiNdko6+fRLevlw1HgMySw7f611UIY408EtxRSoK3Q==
  dependencies:
    js-tokens "^3.0.0 || ^4.0.0"

lottie-web@^5.1.3:
  version "5.10.0"
  resolved "https://registry.npmjs.org/lottie-web/-/lottie-web-5.10.0.tgz"
  integrity sha512-q2hfqKrGXNkwjSSZjKxf3fWMi0e3ZBc03qBkVWoGbwUJ7BcG+9YXjMPtmmhitzk8Nc6VQ5PRnh9yInPdfq0PZg==

mime-db@1.52.0:
  version "1.52.0"
  resolved "https://registry.npmjs.org/mime-db/-/mime-db-1.52.0.tgz"
  integrity sha512-sPU4uV7dYlvtWJxwwxHD0PuihVNiE7TyAbQ5SWxDCB9mUYvOgroQOwYQQOKPJ8CIbE+1ETVlOoK1UC2nU3gYvg==

mime-types@^2.1.12:
  version "2.1.35"
  resolved "https://registry.npmjs.org/mime-types/-/mime-types-2.1.35.tgz"
  integrity sha512-ZDY+bPm5zTTF+YpCrAU9nK0UgICYPT0QtT1NZWFv4s++TNkcgVaT0g6+4R2uI4MjQjzysHB1zxuWL50hzaeXiw==
  dependencies:
    mime-db "1.52.0"

nanoid@^3.3.4:
  version "3.3.4"
  resolved "https://registry.npmjs.org/nanoid/-/nanoid-3.3.4.tgz"
  integrity sha512-MqBkQh/OHTS2egovRtLk45wEyNXwF+cokD+1YPf9u5VfJiRdAiRwB2froX5Co9Rh20xs4siNPm8naNotSD6RBw==

next@12.3.1:
  version "12.3.1"
  resolved "https://registry.npmjs.org/next/-/next-12.3.1.tgz"
  integrity sha512-l7bvmSeIwX5lp07WtIiP9u2ytZMv7jIeB8iacR28PuUEFG5j0HGAPnMqyG5kbZNBG2H7tRsrQ4HCjuMOPnANZw==
  dependencies:
    "@next/env" "12.3.1"
    "@swc/helpers" "0.4.11"
    caniuse-lite "^1.0.30001406"
    postcss "8.4.14"
    styled-jsx "5.0.7"
    use-sync-external-store "1.2.0"
  optionalDependencies:
    "@next/swc-android-arm-eabi" "12.3.1"
    "@next/swc-android-arm64" "12.3.1"
    "@next/swc-darwin-arm64" "12.3.1"
    "@next/swc-darwin-x64" "12.3.1"
    "@next/swc-freebsd-x64" "12.3.1"
    "@next/swc-linux-arm-gnueabihf" "12.3.1"
    "@next/swc-linux-arm64-gnu" "12.3.1"
    "@next/swc-linux-arm64-musl" "12.3.1"
    "@next/swc-linux-x64-gnu" "12.3.1"
    "@next/swc-linux-x64-musl" "12.3.1"
    "@next/swc-win32-arm64-msvc" "12.3.1"
    "@next/swc-win32-ia32-msvc" "12.3.1"
    "@next/swc-win32-x64-msvc" "12.3.1"

parallax-controller@^1.5.0:
  version "1.5.0"
  resolved "https://registry.npmjs.org/parallax-controller/-/parallax-controller-1.5.0.tgz"
  integrity sha512-X7FKD0bH27hJHdknH/UNEznmw6xjcWz/QA4M6RLlE/gUXfbePKhk+ld/20e58aAfjMqj+Q7RURryISFcDIVmtA==
  dependencies:
    bezier-easing "^2.1.0"

picocolors@^1.0.0:
  version "1.0.0"
  resolved "https://registry.npmjs.org/picocolors/-/picocolors-1.0.0.tgz"
  integrity sha512-1fygroTLlHu66zi26VoTDv8yRgm0Fccecssto+MhsZ0D/DGW2sm8E8AjW7NU5VVTRt5GxbeZ5qBuJr+HyLYkjQ==

postcss@8.4.14:
  version "8.4.14"
  resolved "https://registry.npmjs.org/postcss/-/postcss-8.4.14.tgz"
  integrity sha512-E398TUmfAYFPBSdzgeieK2Y1+1cpdxJx8yXbK/m57nRhKSmk1GB2tO4lbLBtlkfPQTDKfe4Xqv1ASWPpayPEig==
  dependencies:
    nanoid "^3.3.4"
    picocolors "^1.0.0"
    source-map-js "^1.0.2"

proxy-from-env@^1.1.0:
  version "1.1.0"
  resolved "https://registry.npmjs.org/proxy-from-env/-/proxy-from-env-1.1.0.tgz"
  integrity sha512-D+zkORCbA9f1tdWRK0RaCR3GPv50cMxcrz4X8k5LTSUD1Dkw47mKJEZQNunItRTkWwgtaUSo1RVFRIG9ZXiFYg==

react-dom@18.2.0:
  version "18.2.0"
  resolved "https://registry.npmjs.org/react-dom/-/react-dom-18.2.0.tgz"
  integrity sha512-6IMTriUmvsjHUjNtEDudZfuDQUoWXVxKHhlEGSk81n4YFS+r/Kl99wXiwlVXtPBtJenozv2P+hxDsw9eA7Xo6g==
  dependencies:
    loose-envify "^1.1.0"
    scheduler "^0.23.0"

react-lottie@^1.2.3:
  version "1.2.3"
  resolved "https://registry.npmjs.org/react-lottie/-/react-lottie-1.2.3.tgz"
  integrity sha512-qLCERxUr8M+4mm1LU0Ruxw5Y5Fn/OmYkGfnA+JDM/dZb3oKwVAJCjwnjkj9TMHtzR2U6sMEUD3ZZ1RaHagM7kA==
  dependencies:
    babel-runtime "^6.26.0"
    lottie-web "^5.1.3"

react-scroll-parallax@^3.3.2:
  version "3.3.2"
  resolved "https://registry.npmjs.org/react-scroll-parallax/-/react-scroll-parallax-3.3.2.tgz"
  integrity sha512-mLgcLqyFhrIp31gLjz11yYmWEwS8NJoOoCZ15ZFXPOcpPQK8R+jZfeuO59Trm9bReok/iDUyx3ZyCCZjkxj37Q==
  dependencies:
    parallax-controller "^1.5.0"

react-smooth-scrollbar@^8.0.6:
  version "8.0.6"
  resolved "https://registry.yarnpkg.com/react-smooth-scrollbar/-/react-smooth-scrollbar-8.0.6.tgz#179072e6a547b3af589ea303c50fd86366275edc"
  integrity sha512-yWiIC4L8DwfIRkLL+PdXq5rysEm6trxHzRk1Rx82bzuu2aWDcHhT+l1vXH/73Re/zHmGjBgrxts/wIrwC6yYJA==

react@18.2.0:
  version "18.2.0"
  resolved "https://registry.npmjs.org/react/-/react-18.2.0.tgz"
  integrity sha512-/3IjMdb2L9QbBdWiW5e3P2/npwMBaU9mHCSCUzNln0ZCYbcfTsGbTJrU/kGemdH2IWmB2ioZ+zkxtmq6g09fGQ==
  dependencies:
    loose-envify "^1.1.0"

regenerator-runtime@^0.11.0:
  version "0.11.1"
  resolved "https://registry.npmjs.org/regenerator-runtime/-/regenerator-runtime-0.11.1.tgz"
  integrity sha512-MguG95oij0fC3QV3URf4V2SDYGJhJnJGqvIIgdECeODCT98wSWDAJ94SSuVpYQUoTcGUIL6L4yNB7j1DFFHSBg==

scheduler@^0.23.0:
  version "0.23.0"
  resolved "https://registry.npmjs.org/scheduler/-/scheduler-0.23.0.tgz"
  integrity sha512-CtuThmgHNg7zIZWAXi3AsyIzA3n4xx7aNyjwC2VJldO2LMVDhFK+63xGqq6CsJH4rTAt6/M+N4GhZiDYPx9eUw==
  dependencies:
    loose-envify "^1.1.0"

smooth-scrollbar@^8.8.1:
  version "8.8.1"
  resolved "https://registry.npmjs.org/smooth-scrollbar/-/smooth-scrollbar-8.8.1.tgz"
  integrity sha512-FQDRtdLTRye8LdRHohNAxh0hyo7gl8+APfA+8Qu5S38MBqR8/WqOoRVzjizH6FTdbU1qGsB7gs8LhMeFJ4Jr8g==
  dependencies:
    core-js "^3.6.4"
    lodash.clamp "^4.0.3"
    lodash.debounce "^4.0.8"
    tslib "^1.10.0"

source-map-js@^1.0.2:
  version "1.0.2"
  resolved "https://registry.npmjs.org/source-map-js/-/source-map-js-1.0.2.tgz"
  integrity sha512-R0XvVJ9WusLiqTCEiGCmICCMplcCkIwwR11mOSD9CR5u+IXYdiseeEuXCVAjS54zqwkLcPNnmU4OeJ6tUrWhDw==

styled-jsx@5.0.7:
  version "5.0.7"
  resolved "https://registry.npmjs.org/styled-jsx/-/styled-jsx-5.0.7.tgz"
  integrity sha512-b3sUzamS086YLRuvnaDigdAewz1/EFYlHpYBP5mZovKEdQQOIIYq8lApylub3HHZ6xFjV051kkGU7cudJmrXEA==

tslib@^1.10.0:
  version "1.14.1"
  resolved "https://registry.npmjs.org/tslib/-/tslib-1.14.1.tgz"
  integrity sha512-Xni35NKzjgMrwevysHTCArtLDpPvye8zV/0E4EyYn43P7/7qvQwPh9BGkHewbMulVntbigmcT7rdX3BNo9wRJg==

tslib@^2.4.0:
  version "2.4.1"
  resolved "https://registry.npmjs.org/tslib/-/tslib-2.4.1.tgz"
  integrity sha512-tGyy4dAjRIEwI7BzsB0lynWgOpfqjUdq91XXAlIWD2OwKBH7oCl/GZG/HT4BOHrTlPMOASlMQ7veyTqpmRcrNA==

use-sync-external-store@1.2.0:
  version "1.2.0"
  resolved "https://registry.npmjs.org/use-sync-external-store/-/use-sync-external-store-1.2.0.tgz"
  integrity sha512-eEgnFxGQ1Ife9bzYs6VLi8/4X6CObHMw9Qr9tPY43iKwsPw8xE8+EFsf/2cFZ5S3esXgpWgtSCtLNS41F+sKPA==
